// !$*UTF8*$!
{
	archiveVersion = 1;
	classes = {
	};
	objectVersion = 46;
	objects = {

/* Begin PBXBuildFile section */
		00E356F31AD99517003FC87E /* MoveitTests.m in Sources */ = {isa = PBXBuildFile; fileRef = 00E356F21AD99517003FC87E /* MoveitTests.m */; };
		0163238BF7484F5BBEE1ADA0 /* Montserrat-ExtraBoldItalic.ttf in Resources */ = {isa = PBXBuildFile; fileRef = C808EDD36249468592BEFF8C /* Montserrat-ExtraBoldItalic.ttf */; };
		038506448CEB4D02B832BAB0 /* Montserrat-MediumItalic.ttf in Resources */ = {isa = PBXBuildFile; fileRef = B9F7251405A249468A916CA8 /* Montserrat-MediumItalic.ttf */; };
		03E818E8B0B04342B175CBFF /* Montserrat-SemiBold.ttf in Resources */ = {isa = PBXBuildFile; fileRef = 28BF774262AE4D01956A20AC /* Montserrat-SemiBold.ttf */; };
		0660A79EF0224D1D94120DE2 /* Montserrat-Black.ttf in Resources */ = {isa = PBXBuildFile; fileRef = 1E0CABFEBE6A4F228D0671CA /* Montserrat-Black.ttf */; };
		13B07FBC1A68108700A75B9A /* AppDelegate.m in Sources */ = {isa = PBXBuildFile; fileRef = 13B07FB01A68108700A75B9A /* AppDelegate.m */; };
		13B07FBD1A68108700A75B9A /* LaunchScreen.xib in Resources */ = {isa = PBXBuildFile; fileRef = 13B07FB11A68108700A75B9A /* LaunchScreen.xib */; };
		13B07FBF1A68108700A75B9A /* Images.xcassets in Resources */ = {isa = PBXBuildFile; fileRef = 13B07FB51A68108700A75B9A /* Images.xcassets */; };
		13B07FC11A68108700A75B9A /* main.m in Sources */ = {isa = PBXBuildFile; fileRef = 13B07FB71A68108700A75B9A /* main.m */; };
		1C16BFB198E5BC1B1CE9561E /* libPods-Moveit.a in Frameworks */ = {isa = PBXBuildFile; fileRef = 2D8EB1A8342B5E89966DB999 /* libPods-Moveit.a */; };
		1E2D28B3247F7B760067F156 /* Moveit.swift in Sources */ = {isa = PBXBuildFile; fileRef = 1E2D28B2247F7B760067F156 /* Moveit.swift */; };
		1E2D28B5247F7B760067F156 /* Moveit.swift in Sources */ = {isa = PBXBuildFile; fileRef = 1E2D28B2247F7B760067F156 /* Moveit.swift */; };
		1E3FBF8A2477C8AB00C36348 /* ZektonExHv Regular.ttf in Resources */ = {isa = PBXBuildFile; fileRef = 1E3FBF892477C8AB00C36348 /* ZektonExHv Regular.ttf */; };
		1E3FBF8B2477C8AB00C36348 /* ZektonExHv Regular.ttf in Resources */ = {isa = PBXBuildFile; fileRef = 1E3FBF892477C8AB00C36348 /* ZektonExHv Regular.ttf */; };
		1E3FBF8C2477C8AB00C36348 /* ZektonExHv Regular.ttf in Resources */ = {isa = PBXBuildFile; fileRef = 1E3FBF892477C8AB00C36348 /* ZektonExHv Regular.ttf */; };
		1E3FBF8D2477C8AB00C36348 /* ZektonExHv Regular.ttf in Resources */ = {isa = PBXBuildFile; fileRef = 1E3FBF892477C8AB00C36348 /* ZektonExHv Regular.ttf */; };
		1E815C67246E67CF00058207 /* ARIALNI.TTF in Resources */ = {isa = PBXBuildFile; fileRef = 1E815C5D246E67CE00058207 /* ARIALNI.TTF */; };
		1E815C68246E67CF00058207 /* ARIALNI.TTF in Resources */ = {isa = PBXBuildFile; fileRef = 1E815C5D246E67CE00058207 /* ARIALNI.TTF */; };
		1E815C69246E67CF00058207 /* ARIALNI.TTF in Resources */ = {isa = PBXBuildFile; fileRef = 1E815C5D246E67CE00058207 /* ARIALNI.TTF */; };
		1E815C6A246E67CF00058207 /* ARIALNI.TTF in Resources */ = {isa = PBXBuildFile; fileRef = 1E815C5D246E67CE00058207 /* ARIALNI.TTF */; };
		1E815C6B246E67CF00058207 /* arial.ttf in Resources */ = {isa = PBXBuildFile; fileRef = 1E815C5E246E67CE00058207 /* arial.ttf */; };
		1E815C6C246E67CF00058207 /* arial.ttf in Resources */ = {isa = PBXBuildFile; fileRef = 1E815C5E246E67CE00058207 /* arial.ttf */; };
		1E815C6D246E67CF00058207 /* arial.ttf in Resources */ = {isa = PBXBuildFile; fileRef = 1E815C5E246E67CE00058207 /* arial.ttf */; };
		1E815C6E246E67CF00058207 /* arial.ttf in Resources */ = {isa = PBXBuildFile; fileRef = 1E815C5E246E67CE00058207 /* arial.ttf */; };
		1E815C6F246E67CF00058207 /* ARIALNB.TTF in Resources */ = {isa = PBXBuildFile; fileRef = 1E815C5F246E67CE00058207 /* ARIALNB.TTF */; };
		1E815C70246E67CF00058207 /* ARIALNB.TTF in Resources */ = {isa = PBXBuildFile; fileRef = 1E815C5F246E67CE00058207 /* ARIALNB.TTF */; };
		1E815C71246E67CF00058207 /* ARIALNB.TTF in Resources */ = {isa = PBXBuildFile; fileRef = 1E815C5F246E67CE00058207 /* ARIALNB.TTF */; };
		1E815C72246E67CF00058207 /* ARIALNB.TTF in Resources */ = {isa = PBXBuildFile; fileRef = 1E815C5F246E67CE00058207 /* ARIALNB.TTF */; };
		1E815C73246E67CF00058207 /* ariblk.ttf in Resources */ = {isa = PBXBuildFile; fileRef = 1E815C60246E67CE00058207 /* ariblk.ttf */; };
		1E815C74246E67CF00058207 /* ariblk.ttf in Resources */ = {isa = PBXBuildFile; fileRef = 1E815C60246E67CE00058207 /* ariblk.ttf */; };
		1E815C75246E67CF00058207 /* ariblk.ttf in Resources */ = {isa = PBXBuildFile; fileRef = 1E815C60246E67CE00058207 /* ariblk.ttf */; };
		1E815C76246E67CF00058207 /* ariblk.ttf in Resources */ = {isa = PBXBuildFile; fileRef = 1E815C60246E67CE00058207 /* ariblk.ttf */; };
		1E815C77246E67CF00058207 /* ariali.ttf in Resources */ = {isa = PBXBuildFile; fileRef = 1E815C61246E67CE00058207 /* ariali.ttf */; };
		1E815C78246E67CF00058207 /* ariali.ttf in Resources */ = {isa = PBXBuildFile; fileRef = 1E815C61246E67CE00058207 /* ariali.ttf */; };
		1E815C79246E67CF00058207 /* ariali.ttf in Resources */ = {isa = PBXBuildFile; fileRef = 1E815C61246E67CE00058207 /* ariali.ttf */; };
		1E815C7A246E67CF00058207 /* ariali.ttf in Resources */ = {isa = PBXBuildFile; fileRef = 1E815C61246E67CE00058207 /* ariali.ttf */; };
		1E815C7B246E67CF00058207 /* Arial Black Italic.TTF in Resources */ = {isa = PBXBuildFile; fileRef = 1E815C62246E67CE00058207 /* Arial Black Italic.TTF */; };
		1E815C7C246E67CF00058207 /* Arial Black Italic.TTF in Resources */ = {isa = PBXBuildFile; fileRef = 1E815C62246E67CE00058207 /* Arial Black Italic.TTF */; };
		1E815C7D246E67CF00058207 /* Arial Black Italic.TTF in Resources */ = {isa = PBXBuildFile; fileRef = 1E815C62246E67CE00058207 /* Arial Black Italic.TTF */; };
		1E815C7E246E67CF00058207 /* Arial Black Italic.TTF in Resources */ = {isa = PBXBuildFile; fileRef = 1E815C62246E67CE00058207 /* Arial Black Italic.TTF */; };
		1E815C7F246E67CF00058207 /* ARIALN.TTF in Resources */ = {isa = PBXBuildFile; fileRef = 1E815C63246E67CE00058207 /* ARIALN.TTF */; };
		1E815C80246E67CF00058207 /* ARIALN.TTF in Resources */ = {isa = PBXBuildFile; fileRef = 1E815C63246E67CE00058207 /* ARIALN.TTF */; };
		1E815C81246E67CF00058207 /* ARIALN.TTF in Resources */ = {isa = PBXBuildFile; fileRef = 1E815C63246E67CE00058207 /* ARIALN.TTF */; };
		1E815C82246E67CF00058207 /* ARIALN.TTF in Resources */ = {isa = PBXBuildFile; fileRef = 1E815C63246E67CE00058207 /* ARIALN.TTF */; };
		1E815C83246E67CF00058207 /* arialbi.ttf in Resources */ = {isa = PBXBuildFile; fileRef = 1E815C64246E67CE00058207 /* arialbi.ttf */; };
		1E815C84246E67CF00058207 /* arialbi.ttf in Resources */ = {isa = PBXBuildFile; fileRef = 1E815C64246E67CE00058207 /* arialbi.ttf */; };
		1E815C85246E67CF00058207 /* arialbi.ttf in Resources */ = {isa = PBXBuildFile; fileRef = 1E815C64246E67CE00058207 /* arialbi.ttf */; };
		1E815C86246E67CF00058207 /* arialbi.ttf in Resources */ = {isa = PBXBuildFile; fileRef = 1E815C64246E67CE00058207 /* arialbi.ttf */; };
		1E815C87246E67CF00058207 /* ARIALNBI.TTF in Resources */ = {isa = PBXBuildFile; fileRef = 1E815C65246E67CE00058207 /* ARIALNBI.TTF */; };
		1E815C88246E67CF00058207 /* ARIALNBI.TTF in Resources */ = {isa = PBXBuildFile; fileRef = 1E815C65246E67CE00058207 /* ARIALNBI.TTF */; };
		1E815C89246E67CF00058207 /* ARIALNBI.TTF in Resources */ = {isa = PBXBuildFile; fileRef = 1E815C65246E67CE00058207 /* ARIALNBI.TTF */; };
		1E815C8A246E67CF00058207 /* ARIALNBI.TTF in Resources */ = {isa = PBXBuildFile; fileRef = 1E815C65246E67CE00058207 /* ARIALNBI.TTF */; };
		1E815C8B246E67CF00058207 /* arialbd.ttf in Resources */ = {isa = PBXBuildFile; fileRef = 1E815C66246E67CF00058207 /* arialbd.ttf */; };
		1E815C8C246E67CF00058207 /* arialbd.ttf in Resources */ = {isa = PBXBuildFile; fileRef = 1E815C66246E67CF00058207 /* arialbd.ttf */; };
		1E815C8D246E67CF00058207 /* arialbd.ttf in Resources */ = {isa = PBXBuildFile; fileRef = 1E815C66246E67CF00058207 /* arialbd.ttf */; };
		1E815C8E246E67CF00058207 /* arialbd.ttf in Resources */ = {isa = PBXBuildFile; fileRef = 1E815C66246E67CF00058207 /* arialbd.ttf */; };
		2D02E4BC1E0B4A80006451C7 /* AppDelegate.m in Sources */ = {isa = PBXBuildFile; fileRef = 13B07FB01A68108700A75B9A /* AppDelegate.m */; };
		2D02E4BD1E0B4A84006451C7 /* Images.xcassets in Resources */ = {isa = PBXBuildFile; fileRef = 13B07FB51A68108700A75B9A /* Images.xcassets */; };
		2D02E4BF1E0B4AB3006451C7 /* main.m in Sources */ = {isa = PBXBuildFile; fileRef = 13B07FB71A68108700A75B9A /* main.m */; };
		2DCD954D1E0B4F2C00145EB5 /* MoveitTests.m in Sources */ = {isa = PBXBuildFile; fileRef = 00E356F21AD99517003FC87E /* MoveitTests.m */; };
		366CEAE060DF44EB869FF259 /* Montserrat-BoldItalic.ttf in Resources */ = {isa = PBXBuildFile; fileRef = EFD84C3AF70B4095BE9B6BC8 /* Montserrat-BoldItalic.ttf */; };
		3773328AC93348408648401D /* Montserrat-ExtraLight.ttf in Resources */ = {isa = PBXBuildFile; fileRef = 78A0EC539E1A4456BA587555 /* Montserrat-ExtraLight.ttf */; };
		3D88A839527B42AD84D1696E /* Montserrat-ExtraBold.ttf in Resources */ = {isa = PBXBuildFile; fileRef = 61E942AECD314531B4EFC0F8 /* Montserrat-ExtraBold.ttf */; };
		51567FAEBD457F0ED8E4E80F /* libPods-Moveit-tvOS.a in Frameworks */ = {isa = PBXBuildFile; fileRef = 786F044DCB0341155014FF24 /* libPods-Moveit-tvOS.a */; };
		5FFE80C2D9754AA99E673F96 /* Montserrat-Bold.ttf in Resources */ = {isa = PBXBuildFile; fileRef = 9F59C4E7C88444DEBFE664E2 /* Montserrat-Bold.ttf */; };
		6B2321768A0F48B8B1DA65DD /* Montserrat-Italic.ttf in Resources */ = {isa = PBXBuildFile; fileRef = F519592CD49E4250A06D8CD2 /* Montserrat-Italic.ttf */; };
		7941941B03BD4BE597405456 /* Montserrat-Thin.ttf in Resources */ = {isa = PBXBuildFile; fileRef = 7F82B564017F44F18A787B05 /* Montserrat-Thin.ttf */; };
		854DC05CE07DB9B2E7336DDB /* libPods-MoveitTests.a in Frameworks */ = {isa = PBXBuildFile; fileRef = 836EB16A7F267FBA56AEB21B /* libPods-MoveitTests.a */; };
		8BEF8B6D9033943915E79F7C /* libPods-Moveit-tvOSTests.a in Frameworks */ = {isa = PBXBuildFile; fileRef = 5E10DC63DE6D398B4C731E46 /* libPods-Moveit-tvOSTests.a */; };
		9A59535447C34805A333D898 /* Montserrat-Medium.ttf in Resources */ = {isa = PBXBuildFile; fileRef = 2956BB168B3E422C8B3A541F /* Montserrat-Medium.ttf */; };
		B36AADAA578A40A187E22AD8 /* Montserrat-Regular.ttf in Resources */ = {isa = PBXBuildFile; fileRef = 7010C4D70DBC4755BBE5958A /* Montserrat-Regular.ttf */; };
		BAB5F9699D88466599AE3840 /* Montserrat-BlackItalic.ttf in Resources */ = {isa = PBXBuildFile; fileRef = 93593AE5DC0F46CABDF343D4 /* Montserrat-BlackItalic.ttf */; };
		C6A96B4F48184788AC6E5984 /* Montserrat-ThinItalic.ttf in Resources */ = {isa = PBXBuildFile; fileRef = 539DD5400BF34CD1B0656777 /* Montserrat-ThinItalic.ttf */; };
		CD9D419BAC84492F997EB3FB /* Montserrat-LightItalic.ttf in Resources */ = {isa = PBXBuildFile; fileRef = E7C719C0EAF64F338D05AF47 /* Montserrat-LightItalic.ttf */; };
		D43D422071A145CCA8E48C1E /* Montserrat-Light.ttf in Resources */ = {isa = PBXBuildFile; fileRef = 38D2C22E46FA44629C0D69D3 /* Montserrat-Light.ttf */; };
		D911F08B2987469CB626BB78 /* Montserrat-ExtraLightItalic.ttf in Resources */ = {isa = PBXBuildFile; fileRef = EBF471DA244141C280F28B76 /* Montserrat-ExtraLightItalic.ttf */; };
		FD28D0705C4446FAB29E0FCE /* libWatermelonDB.a in Frameworks */ = {isa = PBXBuildFile; fileRef = 1BEC2B7A29144F47890A62CC /* libWatermelonDB.a */; };
		FE12E71284624F60B07635F7 /* Montserrat-SemiBoldItalic.ttf in Resources */ = {isa = PBXBuildFile; fileRef = 994BEFD268B840E7AF8FBB29 /* Montserrat-SemiBoldItalic.ttf */; };
/* End PBXBuildFile section */

/* Begin PBXContainerItemProxy section */
		00E356F41AD99517003FC87E /* PBXContainerItemProxy */ = {
			isa = PBXContainerItemProxy;
			containerPortal = 83CBB9F71A601CBA00E9B192 /* Project object */;
			proxyType = 1;
			remoteGlobalIDString = 13B07F861A680F5B00A75B9A;
			remoteInfo = Moveit;
		};
		1E2D28A7247F782D0067F156 /* PBXContainerItemProxy */ = {
			isa = PBXContainerItemProxy;
			containerPortal = 938F43C82EAB44B6AF884A8A /* WatermelonDB.xcodeproj */;
			proxyType = 2;
			remoteGlobalIDString = 6E660D5E213BCCD300189354;
			remoteInfo = WatermelonDB;
		};
		2D02E4911E0B4A5D006451C7 /* PBXContainerItemProxy */ = {
			isa = PBXContainerItemProxy;
			containerPortal = 83CBB9F71A601CBA00E9B192 /* Project object */;
			proxyType = 1;
			remoteGlobalIDString = 2D02E47A1E0B4A5D006451C7;
			remoteInfo = "Moveit-tvOS";
		};
/* End PBXContainerItemProxy section */

/* Begin PBXFileReference section */
		008F07F21AC5B25A0029DE68 /* main.jsbundle */ = {isa = PBXFileReference; fileEncoding = 4; lastKnownFileType = text; path = main.jsbundle; sourceTree = "<group>"; };
		00E356EE1AD99517003FC87E /* MoveitTests.xctest */ = {isa = PBXFileReference; explicitFileType = wrapper.cfbundle; includeInIndex = 0; path = MoveitTests.xctest; sourceTree = BUILT_PRODUCTS_DIR; };
		00E356F11AD99517003FC87E /* Info.plist */ = {isa = PBXFileReference; lastKnownFileType = text.plist.xml; path = Info.plist; sourceTree = "<group>"; };
		00E356F21AD99517003FC87E /* MoveitTests.m */ = {isa = PBXFileReference; lastKnownFileType = sourcecode.c.objc; path = MoveitTests.m; sourceTree = "<group>"; };
		02CF0A66087348A154006014 /* Pods-MoveitTests.release.xcconfig */ = {isa = PBXFileReference; includeInIndex = 1; lastKnownFileType = text.xcconfig; name = "Pods-MoveitTests.release.xcconfig"; path = "Target Support Files/Pods-MoveitTests/Pods-MoveitTests.release.xcconfig"; sourceTree = "<group>"; };
		13B07F961A680F5B00A75B9A /* Moveit.app */ = {isa = PBXFileReference; explicitFileType = wrapper.application; includeInIndex = 0; path = Moveit.app; sourceTree = BUILT_PRODUCTS_DIR; };
		13B07FAF1A68108700A75B9A /* AppDelegate.h */ = {isa = PBXFileReference; fileEncoding = 4; lastKnownFileType = sourcecode.c.h; name = AppDelegate.h; path = Moveit/AppDelegate.h; sourceTree = "<group>"; };
		13B07FB01A68108700A75B9A /* AppDelegate.m */ = {isa = PBXFileReference; fileEncoding = 4; lastKnownFileType = sourcecode.c.objc; name = AppDelegate.m; path = Moveit/AppDelegate.m; sourceTree = "<group>"; };
		13B07FB21A68108700A75B9A /* Base */ = {isa = PBXFileReference; lastKnownFileType = file.xib; name = Base; path = Base.lproj/LaunchScreen.xib; sourceTree = "<group>"; };
		13B07FB51A68108700A75B9A /* Images.xcassets */ = {isa = PBXFileReference; lastKnownFileType = folder.assetcatalog; name = Images.xcassets; path = Moveit/Images.xcassets; sourceTree = "<group>"; };
		13B07FB61A68108700A75B9A /* Info.plist */ = {isa = PBXFileReference; fileEncoding = 4; lastKnownFileType = text.plist.xml; name = Info.plist; path = Moveit/Info.plist; sourceTree = "<group>"; };
		13B07FB71A68108700A75B9A /* main.m */ = {isa = PBXFileReference; fileEncoding = 4; lastKnownFileType = sourcecode.c.objc; name = main.m; path = Moveit/main.m; sourceTree = "<group>"; };
		1767919B5CD4347BD3297B3E /* Pods-Moveit.release.xcconfig */ = {isa = PBXFileReference; includeInIndex = 1; lastKnownFileType = text.xcconfig; name = "Pods-Moveit.release.xcconfig"; path = "Target Support Files/Pods-Moveit/Pods-Moveit.release.xcconfig"; sourceTree = "<group>"; };
		1BEC2B7A29144F47890A62CC /* libWatermelonDB.a */ = {isa = PBXFileReference; explicitFileType = undefined; fileEncoding = 9; includeInIndex = 0; lastKnownFileType = archive.ar; path = libWatermelonDB.a; sourceTree = "<group>"; };
		1E0CABFEBE6A4F228D0671CA /* Montserrat-Black.ttf */ = {isa = PBXFileReference; explicitFileType = undefined; fileEncoding = 9; includeInIndex = 0; lastKnownFileType = unknown; name = "Montserrat-Black.ttf"; path = "../app/theme/fonts/Montserrat-Black.ttf"; sourceTree = "<group>"; };
		1E2D28B2247F7B760067F156 /* Moveit.swift */ = {isa = PBXFileReference; lastKnownFileType = sourcecode.swift; path = Moveit.swift; sourceTree = "<group>"; };
		1E2D28B7247F7B9C0067F156 /* Moveit-tvOSTests-Bridging-Header.h */ = {isa = PBXFileReference; fileEncoding = 4; lastKnownFileType = sourcecode.c.h; path = "Moveit-tvOSTests-Bridging-Header.h"; sourceTree = "<group>"; };
		1E2D28B8247F7B9C0067F156 /* MoveitTests-Bridging-Header.h */ = {isa = PBXFileReference; fileEncoding = 4; lastKnownFileType = sourcecode.c.h; path = "MoveitTests-Bridging-Header.h"; sourceTree = "<group>"; };
		1E2D28B9247F7B9D0067F156 /* Moveit-Bridging-Header.h */ = {isa = PBXFileReference; fileEncoding = 4; lastKnownFileType = sourcecode.c.h; path = "Moveit-Bridging-Header.h"; sourceTree = "<group>"; };
		1E2D28BA247F7B9D0067F156 /* Moveit-tvOS-Bridging-Header.h */ = {isa = PBXFileReference; fileEncoding = 4; lastKnownFileType = sourcecode.c.h; path = "Moveit-tvOS-Bridging-Header.h"; sourceTree = "<group>"; };
		1E3FBF892477C8AB00C36348 /* ZektonExHv Regular.ttf */ = {isa = PBXFileReference; lastKnownFileType = file; name = "ZektonExHv Regular.ttf"; path = "../app/theme/fonts/ZektonExHv Regular.ttf"; sourceTree = "<group>"; };
		1E815C5D246E67CE00058207 /* ARIALNI.TTF */ = {isa = PBXFileReference; lastKnownFileType = file; name = ARIALNI.TTF; path = ../app/theme/fonts/ARIALNI.TTF; sourceTree = "<group>"; };
		1E815C5E246E67CE00058207 /* arial.ttf */ = {isa = PBXFileReference; lastKnownFileType = file; name = arial.ttf; path = ../app/theme/fonts/arial.ttf; sourceTree = "<group>"; };
		1E815C5F246E67CE00058207 /* ARIALNB.TTF */ = {isa = PBXFileReference; lastKnownFileType = file; name = ARIALNB.TTF; path = ../app/theme/fonts/ARIALNB.TTF; sourceTree = "<group>"; };
		1E815C60246E67CE00058207 /* ariblk.ttf */ = {isa = PBXFileReference; lastKnownFileType = file; name = ariblk.ttf; path = ../app/theme/fonts/ariblk.ttf; sourceTree = "<group>"; };
		1E815C61246E67CE00058207 /* ariali.ttf */ = {isa = PBXFileReference; lastKnownFileType = file; name = ariali.ttf; path = ../app/theme/fonts/ariali.ttf; sourceTree = "<group>"; };
		1E815C62246E67CE00058207 /* Arial Black Italic.TTF */ = {isa = PBXFileReference; lastKnownFileType = file; name = "Arial Black Italic.TTF"; path = "../app/theme/fonts/Arial Black Italic.TTF"; sourceTree = "<group>"; };
		1E815C63246E67CE00058207 /* ARIALN.TTF */ = {isa = PBXFileReference; lastKnownFileType = file; name = ARIALN.TTF; path = ../app/theme/fonts/ARIALN.TTF; sourceTree = "<group>"; };
		1E815C64246E67CE00058207 /* arialbi.ttf */ = {isa = PBXFileReference; lastKnownFileType = file; name = arialbi.ttf; path = ../app/theme/fonts/arialbi.ttf; sourceTree = "<group>"; };
		1E815C65246E67CE00058207 /* ARIALNBI.TTF */ = {isa = PBXFileReference; lastKnownFileType = file; name = ARIALNBI.TTF; path = ../app/theme/fonts/ARIALNBI.TTF; sourceTree = "<group>"; };
		1E815C66246E67CF00058207 /* arialbd.ttf */ = {isa = PBXFileReference; lastKnownFileType = file; name = arialbd.ttf; path = ../app/theme/fonts/arialbd.ttf; sourceTree = "<group>"; };
		28BF774262AE4D01956A20AC /* Montserrat-SemiBold.ttf */ = {isa = PBXFileReference; explicitFileType = undefined; fileEncoding = 9; includeInIndex = 0; lastKnownFileType = unknown; name = "Montserrat-SemiBold.ttf"; path = "../app/theme/fonts/Montserrat-SemiBold.ttf"; sourceTree = "<group>"; };
		2956BB168B3E422C8B3A541F /* Montserrat-Medium.ttf */ = {isa = PBXFileReference; explicitFileType = undefined; fileEncoding = 9; includeInIndex = 0; lastKnownFileType = unknown; name = "Montserrat-Medium.ttf"; path = "../app/theme/fonts/Montserrat-Medium.ttf"; sourceTree = "<group>"; };
		2D02E47B1E0B4A5D006451C7 /* Moveit-tvOS.app */ = {isa = PBXFileReference; explicitFileType = wrapper.application; includeInIndex = 0; path = "Moveit-tvOS.app"; sourceTree = BUILT_PRODUCTS_DIR; };
		2D02E4901E0B4A5D006451C7 /* Moveit-tvOSTests.xctest */ = {isa = PBXFileReference; explicitFileType = wrapper.cfbundle; includeInIndex = 0; path = "Moveit-tvOSTests.xctest"; sourceTree = BUILT_PRODUCTS_DIR; };
		2D8EB1A8342B5E89966DB999 /* libPods-Moveit.a */ = {isa = PBXFileReference; explicitFileType = archive.ar; includeInIndex = 0; path = "libPods-Moveit.a"; sourceTree = BUILT_PRODUCTS_DIR; };
		37FA0A828A672373C858E02A /* Pods-Moveit-tvOS.debug.xcconfig */ = {isa = PBXFileReference; includeInIndex = 1; lastKnownFileType = text.xcconfig; name = "Pods-Moveit-tvOS.debug.xcconfig"; path = "Target Support Files/Pods-Moveit-tvOS/Pods-Moveit-tvOS.debug.xcconfig"; sourceTree = "<group>"; };
		38D2C22E46FA44629C0D69D3 /* Montserrat-Light.ttf */ = {isa = PBXFileReference; explicitFileType = undefined; fileEncoding = 9; includeInIndex = 0; lastKnownFileType = unknown; name = "Montserrat-Light.ttf"; path = "../app/theme/fonts/Montserrat-Light.ttf"; sourceTree = "<group>"; };
		3A5AD62557C822E5F6DFF599 /* Pods-Moveit-tvOS.release.xcconfig */ = {isa = PBXFileReference; includeInIndex = 1; lastKnownFileType = text.xcconfig; name = "Pods-Moveit-tvOS.release.xcconfig"; path = "Target Support Files/Pods-Moveit-tvOS/Pods-Moveit-tvOS.release.xcconfig"; sourceTree = "<group>"; };
		44598B32B27206926409AB4D /* Pods-Moveit-tvOSTests.release.xcconfig */ = {isa = PBXFileReference; includeInIndex = 1; lastKnownFileType = text.xcconfig; name = "Pods-Moveit-tvOSTests.release.xcconfig"; path = "Target Support Files/Pods-Moveit-tvOSTests/Pods-Moveit-tvOSTests.release.xcconfig"; sourceTree = "<group>"; };
		539DD5400BF34CD1B0656777 /* Montserrat-ThinItalic.ttf */ = {isa = PBXFileReference; explicitFileType = undefined; fileEncoding = 9; includeInIndex = 0; lastKnownFileType = unknown; name = "Montserrat-ThinItalic.ttf"; path = "../app/theme/fonts/Montserrat-ThinItalic.ttf"; sourceTree = "<group>"; };
		5E10DC63DE6D398B4C731E46 /* libPods-Moveit-tvOSTests.a */ = {isa = PBXFileReference; explicitFileType = archive.ar; includeInIndex = 0; path = "libPods-Moveit-tvOSTests.a"; sourceTree = BUILT_PRODUCTS_DIR; };
		61E942AECD314531B4EFC0F8 /* Montserrat-ExtraBold.ttf */ = {isa = PBXFileReference; explicitFileType = undefined; fileEncoding = 9; includeInIndex = 0; lastKnownFileType = unknown; name = "Montserrat-ExtraBold.ttf"; path = "../app/theme/fonts/Montserrat-ExtraBold.ttf"; sourceTree = "<group>"; };
		7010C4D70DBC4755BBE5958A /* Montserrat-Regular.ttf */ = {isa = PBXFileReference; explicitFileType = undefined; fileEncoding = 9; includeInIndex = 0; lastKnownFileType = unknown; name = "Montserrat-Regular.ttf"; path = "../app/theme/fonts/Montserrat-Regular.ttf"; sourceTree = "<group>"; };
		7269E464D275EE5094F8DF0C /* Pods-Moveit-tvOSTests.debug.xcconfig */ = {isa = PBXFileReference; includeInIndex = 1; lastKnownFileType = text.xcconfig; name = "Pods-Moveit-tvOSTests.debug.xcconfig"; path = "Target Support Files/Pods-Moveit-tvOSTests/Pods-Moveit-tvOSTests.debug.xcconfig"; sourceTree = "<group>"; };
		786F044DCB0341155014FF24 /* libPods-Moveit-tvOS.a */ = {isa = PBXFileReference; explicitFileType = archive.ar; includeInIndex = 0; path = "libPods-Moveit-tvOS.a"; sourceTree = BUILT_PRODUCTS_DIR; };
		78A0EC539E1A4456BA587555 /* Montserrat-ExtraLight.ttf */ = {isa = PBXFileReference; explicitFileType = undefined; fileEncoding = 9; includeInIndex = 0; lastKnownFileType = unknown; name = "Montserrat-ExtraLight.ttf"; path = "../app/theme/fonts/Montserrat-ExtraLight.ttf"; sourceTree = "<group>"; };
		7F82B564017F44F18A787B05 /* Montserrat-Thin.ttf */ = {isa = PBXFileReference; explicitFileType = undefined; fileEncoding = 9; includeInIndex = 0; lastKnownFileType = unknown; name = "Montserrat-Thin.ttf"; path = "../app/theme/fonts/Montserrat-Thin.ttf"; sourceTree = "<group>"; };
		836EB16A7F267FBA56AEB21B /* libPods-MoveitTests.a */ = {isa = PBXFileReference; explicitFileType = archive.ar; includeInIndex = 0; path = "libPods-MoveitTests.a"; sourceTree = BUILT_PRODUCTS_DIR; };
		93593AE5DC0F46CABDF343D4 /* Montserrat-BlackItalic.ttf */ = {isa = PBXFileReference; explicitFileType = undefined; fileEncoding = 9; includeInIndex = 0; lastKnownFileType = unknown; name = "Montserrat-BlackItalic.ttf"; path = "../app/theme/fonts/Montserrat-BlackItalic.ttf"; sourceTree = "<group>"; };
		938F43C82EAB44B6AF884A8A /* WatermelonDB.xcodeproj */ = {isa = PBXFileReference; explicitFileType = undefined; fileEncoding = 9; includeInIndex = 0; lastKnownFileType = "wrapper.pb-project"; name = WatermelonDB.xcodeproj; path = "../node_modules/@nozbe/watermelondb/native/ios/WatermelonDB.xcodeproj"; sourceTree = "<group>"; };
		994BEFD268B840E7AF8FBB29 /* Montserrat-SemiBoldItalic.ttf */ = {isa = PBXFileReference; explicitFileType = undefined; fileEncoding = 9; includeInIndex = 0; lastKnownFileType = unknown; name = "Montserrat-SemiBoldItalic.ttf"; path = "../app/theme/fonts/Montserrat-SemiBoldItalic.ttf"; sourceTree = "<group>"; };
		9F59C4E7C88444DEBFE664E2 /* Montserrat-Bold.ttf */ = {isa = PBXFileReference; explicitFileType = undefined; fileEncoding = 9; includeInIndex = 0; lastKnownFileType = unknown; name = "Montserrat-Bold.ttf"; path = "../app/theme/fonts/Montserrat-Bold.ttf"; sourceTree = "<group>"; };
		A32CD6E2584801BFBCBB35A6 /* Pods-MoveitTests.debug.xcconfig */ = {isa = PBXFileReference; includeInIndex = 1; lastKnownFileType = text.xcconfig; name = "Pods-MoveitTests.debug.xcconfig"; path = "Target Support Files/Pods-MoveitTests/Pods-MoveitTests.debug.xcconfig"; sourceTree = "<group>"; };
		B9F7251405A249468A916CA8 /* Montserrat-MediumItalic.ttf */ = {isa = PBXFileReference; explicitFileType = undefined; fileEncoding = 9; includeInIndex = 0; lastKnownFileType = unknown; name = "Montserrat-MediumItalic.ttf"; path = "../app/theme/fonts/Montserrat-MediumItalic.ttf"; sourceTree = "<group>"; };
		C808EDD36249468592BEFF8C /* Montserrat-ExtraBoldItalic.ttf */ = {isa = PBXFileReference; explicitFileType = undefined; fileEncoding = 9; includeInIndex = 0; lastKnownFileType = unknown; name = "Montserrat-ExtraBoldItalic.ttf"; path = "../app/theme/fonts/Montserrat-ExtraBoldItalic.ttf"; sourceTree = "<group>"; };
		D5C6A08B32747535387C5385 /* Pods-Moveit.debug.xcconfig */ = {isa = PBXFileReference; includeInIndex = 1; lastKnownFileType = text.xcconfig; name = "Pods-Moveit.debug.xcconfig"; path = "Target Support Files/Pods-Moveit/Pods-Moveit.debug.xcconfig"; sourceTree = "<group>"; };
		E7C719C0EAF64F338D05AF47 /* Montserrat-LightItalic.ttf */ = {isa = PBXFileReference; explicitFileType = undefined; fileEncoding = 9; includeInIndex = 0; lastKnownFileType = unknown; name = "Montserrat-LightItalic.ttf"; path = "../app/theme/fonts/Montserrat-LightItalic.ttf"; sourceTree = "<group>"; };
		EBF471DA244141C280F28B76 /* Montserrat-ExtraLightItalic.ttf */ = {isa = PBXFileReference; explicitFileType = undefined; fileEncoding = 9; includeInIndex = 0; lastKnownFileType = unknown; name = "Montserrat-ExtraLightItalic.ttf"; path = "../app/theme/fonts/Montserrat-ExtraLightItalic.ttf"; sourceTree = "<group>"; };
		ED297162215061F000B7C4FE /* JavaScriptCore.framework */ = {isa = PBXFileReference; lastKnownFileType = wrapper.framework; name = JavaScriptCore.framework; path = System/Library/Frameworks/JavaScriptCore.framework; sourceTree = SDKROOT; };
		ED2971642150620600B7C4FE /* JavaScriptCore.framework */ = {isa = PBXFileReference; lastKnownFileType = wrapper.framework; name = JavaScriptCore.framework; path = Platforms/AppleTVOS.platform/Developer/SDKs/AppleTVOS12.0.sdk/System/Library/Frameworks/JavaScriptCore.framework; sourceTree = DEVELOPER_DIR; };
		EFD84C3AF70B4095BE9B6BC8 /* Montserrat-BoldItalic.ttf */ = {isa = PBXFileReference; explicitFileType = undefined; fileEncoding = 9; includeInIndex = 0; lastKnownFileType = unknown; name = "Montserrat-BoldItalic.ttf"; path = "../app/theme/fonts/Montserrat-BoldItalic.ttf"; sourceTree = "<group>"; };
		F519592CD49E4250A06D8CD2 /* Montserrat-Italic.ttf */ = {isa = PBXFileReference; explicitFileType = undefined; fileEncoding = 9; includeInIndex = 0; lastKnownFileType = unknown; name = "Montserrat-Italic.ttf"; path = "../app/theme/fonts/Montserrat-Italic.ttf"; sourceTree = "<group>"; };
/* End PBXFileReference section */

/* Begin PBXFrameworksBuildPhase section */
		00E356EB1AD99517003FC87E /* Frameworks */ = {
			isa = PBXFrameworksBuildPhase;
			buildActionMask = 2147483647;
			files = (
				854DC05CE07DB9B2E7336DDB /* libPods-MoveitTests.a in Frameworks */,
			);
			runOnlyForDeploymentPostprocessing = 0;
		};
		13B07F8C1A680F5B00A75B9A /* Frameworks */ = {
			isa = PBXFrameworksBuildPhase;
			buildActionMask = 2147483647;
			files = (
				1C16BFB198E5BC1B1CE9561E /* libPods-Moveit.a in Frameworks */,
				FD28D0705C4446FAB29E0FCE /* libWatermelonDB.a in Frameworks */,
			);
			runOnlyForDeploymentPostprocessing = 0;
		};
		2D02E4781E0B4A5D006451C7 /* Frameworks */ = {
			isa = PBXFrameworksBuildPhase;
			buildActionMask = 2147483647;
			files = (
				51567FAEBD457F0ED8E4E80F /* libPods-Moveit-tvOS.a in Frameworks */,
			);
			runOnlyForDeploymentPostprocessing = 0;
		};
		2D02E48D1E0B4A5D006451C7 /* Frameworks */ = {
			isa = PBXFrameworksBuildPhase;
			buildActionMask = 2147483647;
			files = (
				8BEF8B6D9033943915E79F7C /* libPods-Moveit-tvOSTests.a in Frameworks */,
			);
			runOnlyForDeploymentPostprocessing = 0;
		};
/* End PBXFrameworksBuildPhase section */

/* Begin PBXGroup section */
		00E356EF1AD99517003FC87E /* MoveitTests */ = {
			isa = PBXGroup;
			children = (
				00E356F21AD99517003FC87E /* MoveitTests.m */,
				00E356F01AD99517003FC87E /* Supporting Files */,
			);
			path = MoveitTests;
			sourceTree = "<group>";
		};
		00E356F01AD99517003FC87E /* Supporting Files */ = {
			isa = PBXGroup;
			children = (
				00E356F11AD99517003FC87E /* Info.plist */,
			);
			name = "Supporting Files";
			sourceTree = "<group>";
		};
		13B07FAE1A68108700A75B9A /* Moveit */ = {
			isa = PBXGroup;
			children = (
				1E2D28B9247F7B9D0067F156 /* Moveit-Bridging-Header.h */,
				1E2D28BA247F7B9D0067F156 /* Moveit-tvOS-Bridging-Header.h */,
				1E2D28B7247F7B9C0067F156 /* Moveit-tvOSTests-Bridging-Header.h */,
				1E2D28B8247F7B9C0067F156 /* MoveitTests-Bridging-Header.h */,
				1E2D28B2247F7B760067F156 /* Moveit.swift */,
				008F07F21AC5B25A0029DE68 /* main.jsbundle */,
				13B07FAF1A68108700A75B9A /* AppDelegate.h */,
				13B07FB01A68108700A75B9A /* AppDelegate.m */,
				13B07FB51A68108700A75B9A /* Images.xcassets */,
				13B07FB61A68108700A75B9A /* Info.plist */,
				13B07FB11A68108700A75B9A /* LaunchScreen.xib */,
				13B07FB71A68108700A75B9A /* main.m */,
			);
			name = Moveit;
			sourceTree = "<group>";
		};
		1E2D28A3247F782C0067F156 /* Recovered References */ = {
			isa = PBXGroup;
			children = (
				1BEC2B7A29144F47890A62CC /* libWatermelonDB.a */,
			);
			name = "Recovered References";
			sourceTree = "<group>";
		};
		1E2D28A4247F782D0067F156 /* Products */ = {
			isa = PBXGroup;
			children = (
				1E2D28A8247F782D0067F156 /* libWatermelonDB.a */,
			);
			name = Products;
			sourceTree = "<group>";
		};
		2D16E6871FA4F8E400B85C8A /* Frameworks */ = {
			isa = PBXGroup;
			children = (
				ED297162215061F000B7C4FE /* JavaScriptCore.framework */,
				ED2971642150620600B7C4FE /* JavaScriptCore.framework */,
				2D8EB1A8342B5E89966DB999 /* libPods-Moveit.a */,
				786F044DCB0341155014FF24 /* libPods-Moveit-tvOS.a */,
				5E10DC63DE6D398B4C731E46 /* libPods-Moveit-tvOSTests.a */,
				836EB16A7F267FBA56AEB21B /* libPods-MoveitTests.a */,
			);
			name = Frameworks;
			sourceTree = "<group>";
		};
		4BA2FBDC07DD43118951D39F /* Resources */ = {
			isa = PBXGroup;
			children = (
				1E3FBF892477C8AB00C36348 /* ZektonExHv Regular.ttf */,
				1E815C62246E67CE00058207 /* Arial Black Italic.TTF */,
				1E815C5E246E67CE00058207 /* arial.ttf */,
				1E815C66246E67CF00058207 /* arialbd.ttf */,
				1E815C64246E67CE00058207 /* arialbi.ttf */,
				1E815C61246E67CE00058207 /* ariali.ttf */,
				1E815C63246E67CE00058207 /* ARIALN.TTF */,
				1E815C5F246E67CE00058207 /* ARIALNB.TTF */,
				1E815C65246E67CE00058207 /* ARIALNBI.TTF */,
				1E815C5D246E67CE00058207 /* ARIALNI.TTF */,
				1E815C60246E67CE00058207 /* ariblk.ttf */,
				1E0CABFEBE6A4F228D0671CA /* Montserrat-Black.ttf */,
				93593AE5DC0F46CABDF343D4 /* Montserrat-BlackItalic.ttf */,
				9F59C4E7C88444DEBFE664E2 /* Montserrat-Bold.ttf */,
				EFD84C3AF70B4095BE9B6BC8 /* Montserrat-BoldItalic.ttf */,
				61E942AECD314531B4EFC0F8 /* Montserrat-ExtraBold.ttf */,
				C808EDD36249468592BEFF8C /* Montserrat-ExtraBoldItalic.ttf */,
				78A0EC539E1A4456BA587555 /* Montserrat-ExtraLight.ttf */,
				EBF471DA244141C280F28B76 /* Montserrat-ExtraLightItalic.ttf */,
				F519592CD49E4250A06D8CD2 /* Montserrat-Italic.ttf */,
				38D2C22E46FA44629C0D69D3 /* Montserrat-Light.ttf */,
				E7C719C0EAF64F338D05AF47 /* Montserrat-LightItalic.ttf */,
				2956BB168B3E422C8B3A541F /* Montserrat-Medium.ttf */,
				B9F7251405A249468A916CA8 /* Montserrat-MediumItalic.ttf */,
				7010C4D70DBC4755BBE5958A /* Montserrat-Regular.ttf */,
				28BF774262AE4D01956A20AC /* Montserrat-SemiBold.ttf */,
				994BEFD268B840E7AF8FBB29 /* Montserrat-SemiBoldItalic.ttf */,
				7F82B564017F44F18A787B05 /* Montserrat-Thin.ttf */,
				539DD5400BF34CD1B0656777 /* Montserrat-ThinItalic.ttf */,
			);
			name = Resources;
			sourceTree = "<group>";
		};
		832341AE1AAA6A7D00B99B32 /* Libraries */ = {
			isa = PBXGroup;
			children = (
				938F43C82EAB44B6AF884A8A /* WatermelonDB.xcodeproj */,
			);
			name = Libraries;
			sourceTree = "<group>";
		};
		83CBB9F61A601CBA00E9B192 = {
			isa = PBXGroup;
			children = (
				13B07FAE1A68108700A75B9A /* Moveit */,
				832341AE1AAA6A7D00B99B32 /* Libraries */,
				00E356EF1AD99517003FC87E /* MoveitTests */,
				83CBBA001A601CBA00E9B192 /* Products */,
				2D16E6871FA4F8E400B85C8A /* Frameworks */,
				E2E4D6D91A1E6C4227F1D822 /* Pods */,
				4BA2FBDC07DD43118951D39F /* Resources */,
				1E2D28A3247F782C0067F156 /* Recovered References */,
			);
			indentWidth = 2;
			sourceTree = "<group>";
			tabWidth = 2;
			usesTabs = 0;
		};
		83CBBA001A601CBA00E9B192 /* Products */ = {
			isa = PBXGroup;
			children = (
				13B07F961A680F5B00A75B9A /* Moveit.app */,
				00E356EE1AD99517003FC87E /* MoveitTests.xctest */,
				2D02E47B1E0B4A5D006451C7 /* Moveit-tvOS.app */,
				2D02E4901E0B4A5D006451C7 /* Moveit-tvOSTests.xctest */,
			);
			name = Products;
			sourceTree = "<group>";
		};
		E2E4D6D91A1E6C4227F1D822 /* Pods */ = {
			isa = PBXGroup;
			children = (
				D5C6A08B32747535387C5385 /* Pods-Moveit.debug.xcconfig */,
				1767919B5CD4347BD3297B3E /* Pods-Moveit.release.xcconfig */,
				37FA0A828A672373C858E02A /* Pods-Moveit-tvOS.debug.xcconfig */,
				3A5AD62557C822E5F6DFF599 /* Pods-Moveit-tvOS.release.xcconfig */,
				7269E464D275EE5094F8DF0C /* Pods-Moveit-tvOSTests.debug.xcconfig */,
				44598B32B27206926409AB4D /* Pods-Moveit-tvOSTests.release.xcconfig */,
				A32CD6E2584801BFBCBB35A6 /* Pods-MoveitTests.debug.xcconfig */,
				02CF0A66087348A154006014 /* Pods-MoveitTests.release.xcconfig */,
			);
			path = Pods;
			sourceTree = "<group>";
		};
/* End PBXGroup section */

/* Begin PBXNativeTarget section */
		00E356ED1AD99517003FC87E /* MoveitTests */ = {
			isa = PBXNativeTarget;
			buildConfigurationList = 00E357021AD99517003FC87E /* Build configuration list for PBXNativeTarget "MoveitTests" */;
			buildPhases = (
				566596F162C9A4D65FEC5947 /* [CP] Check Pods Manifest.lock */,
				00E356EA1AD99517003FC87E /* Sources */,
				00E356EB1AD99517003FC87E /* Frameworks */,
				00E356EC1AD99517003FC87E /* Resources */,
			);
			buildRules = (
			);
			dependencies = (
				00E356F51AD99517003FC87E /* PBXTargetDependency */,
			);
			name = MoveitTests;
			productName = MoveitTests;
			productReference = 00E356EE1AD99517003FC87E /* MoveitTests.xctest */;
			productType = "com.apple.product-type.bundle.unit-test";
		};
		13B07F861A680F5B00A75B9A /* Moveit */ = {
			isa = PBXNativeTarget;
			buildConfigurationList = 13B07F931A680F5B00A75B9A /* Build configuration list for PBXNativeTarget "Moveit" */;
			buildPhases = (
				CA195144637DF533F0A273B7 /* [CP] Check Pods Manifest.lock */,
				FD10A7F022414F080027D42C /* Start Packager */,
				13B07F871A680F5B00A75B9A /* Sources */,
				13B07F8C1A680F5B00A75B9A /* Frameworks */,
				13B07F8E1A680F5B00A75B9A /* Resources */,
				00DD1BFF1BD5951E006B06BC /* Bundle React Native code and images */,
				35526F49E03994B8945C5BA9 /* [CP] Copy Pods Resources */,
			);
			buildRules = (
			);
			dependencies = (
			);
			name = Moveit;
			productName = Moveit;
			productReference = 13B07F961A680F5B00A75B9A /* Moveit.app */;
			productType = "com.apple.product-type.application";
		};
		2D02E47A1E0B4A5D006451C7 /* Moveit-tvOS */ = {
			isa = PBXNativeTarget;
			buildConfigurationList = 2D02E4BA1E0B4A5E006451C7 /* Build configuration list for PBXNativeTarget "Moveit-tvOS" */;
			buildPhases = (
				0A2509FF02E1001F441AD491 /* [CP] Check Pods Manifest.lock */,
				FD10A7F122414F3F0027D42C /* Start Packager */,
				2D02E4771E0B4A5D006451C7 /* Sources */,
				2D02E4781E0B4A5D006451C7 /* Frameworks */,
				2D02E4791E0B4A5D006451C7 /* Resources */,
				2D02E4CB1E0B4B27006451C7 /* Bundle React Native Code And Images */,
			);
			buildRules = (
			);
			dependencies = (
			);
			name = "Moveit-tvOS";
			productName = "Moveit-tvOS";
			productReference = 2D02E47B1E0B4A5D006451C7 /* Moveit-tvOS.app */;
			productType = "com.apple.product-type.application";
		};
		2D02E48F1E0B4A5D006451C7 /* Moveit-tvOSTests */ = {
			isa = PBXNativeTarget;
			buildConfigurationList = 2D02E4BB1E0B4A5E006451C7 /* Build configuration list for PBXNativeTarget "Moveit-tvOSTests" */;
			buildPhases = (
				C1F98C5AEB6A600F52CB2D61 /* [CP] Check Pods Manifest.lock */,
				2D02E48C1E0B4A5D006451C7 /* Sources */,
				2D02E48D1E0B4A5D006451C7 /* Frameworks */,
				2D02E48E1E0B4A5D006451C7 /* Resources */,
			);
			buildRules = (
			);
			dependencies = (
				2D02E4921E0B4A5D006451C7 /* PBXTargetDependency */,
			);
			name = "Moveit-tvOSTests";
			productName = "Moveit-tvOSTests";
			productReference = 2D02E4901E0B4A5D006451C7 /* Moveit-tvOSTests.xctest */;
			productType = "com.apple.product-type.bundle.unit-test";
		};
/* End PBXNativeTarget section */

/* Begin PBXProject section */
		83CBB9F71A601CBA00E9B192 /* Project object */ = {
			isa = PBXProject;
			attributes = {
				LastUpgradeCheck = 940;
				ORGANIZATIONNAME = Facebook;
				TargetAttributes = {
					00E356ED1AD99517003FC87E = {
						CreatedOnToolsVersion = 6.2;
						LastSwiftMigration = 1130;
						TestTargetID = 13B07F861A680F5B00A75B9A;
					};
					13B07F861A680F5B00A75B9A = {
						DevelopmentTeam = TLR3WLLVQX;
						LastSwiftMigration = 1130;
						ProvisioningStyle = Manual;
					};
					2D02E47A1E0B4A5D006451C7 = {
						CreatedOnToolsVersion = 8.2.1;
						LastSwiftMigration = 1130;
						ProvisioningStyle = Automatic;
					};
					2D02E48F1E0B4A5D006451C7 = {
						CreatedOnToolsVersion = 8.2.1;
						LastSwiftMigration = 1130;
						ProvisioningStyle = Automatic;
						TestTargetID = 2D02E47A1E0B4A5D006451C7;
					};
				};
			};
			buildConfigurationList = 83CBB9FA1A601CBA00E9B192 /* Build configuration list for PBXProject "Moveit" */;
			compatibilityVersion = "Xcode 3.2";
			developmentRegion = English;
			hasScannedForEncodings = 0;
			knownRegions = (
				English,
				en,
				Base,
			);
			mainGroup = 83CBB9F61A601CBA00E9B192;
			productRefGroup = 83CBBA001A601CBA00E9B192 /* Products */;
			projectDirPath = "";
			projectReferences = (
				{
					ProductGroup = 1E2D28A4247F782D0067F156 /* Products */;
					ProjectRef = 938F43C82EAB44B6AF884A8A /* WatermelonDB.xcodeproj */;
				},
			);
			projectRoot = "";
			targets = (
				13B07F861A680F5B00A75B9A /* Moveit */,
				00E356ED1AD99517003FC87E /* MoveitTests */,
				2D02E47A1E0B4A5D006451C7 /* Moveit-tvOS */,
				2D02E48F1E0B4A5D006451C7 /* Moveit-tvOSTests */,
			);
		};
/* End PBXProject section */

/* Begin PBXReferenceProxy section */
		1E2D28A8247F782D0067F156 /* libWatermelonDB.a */ = {
			isa = PBXReferenceProxy;
			fileType = archive.ar;
			path = libWatermelonDB.a;
			remoteRef = 1E2D28A7247F782D0067F156 /* PBXContainerItemProxy */;
			sourceTree = BUILT_PRODUCTS_DIR;
		};
/* End PBXReferenceProxy section */

/* Begin PBXResourcesBuildPhase section */
		00E356EC1AD99517003FC87E /* Resources */ = {
			isa = PBXResourcesBuildPhase;
			buildActionMask = 2147483647;
			files = (
				1E815C8C246E67CF00058207 /* arialbd.ttf in Resources */,
				1E815C6C246E67CF00058207 /* arial.ttf in Resources */,
				1E815C78246E67CF00058207 /* ariali.ttf in Resources */,
				1E815C7C246E67CF00058207 /* Arial Black Italic.TTF in Resources */,
				1E815C84246E67CF00058207 /* arialbi.ttf in Resources */,
				1E815C68246E67CF00058207 /* ARIALNI.TTF in Resources */,
				1E815C80246E67CF00058207 /* ARIALN.TTF in Resources */,
				1E815C70246E67CF00058207 /* ARIALNB.TTF in Resources */,
				1E815C88246E67CF00058207 /* ARIALNBI.TTF in Resources */,
				1E815C74246E67CF00058207 /* ariblk.ttf in Resources */,
				1E3FBF8B2477C8AB00C36348 /* ZektonExHv Regular.ttf in Resources */,
			);
			runOnlyForDeploymentPostprocessing = 0;
		};
		13B07F8E1A680F5B00A75B9A /* Resources */ = {
			isa = PBXResourcesBuildPhase;
			buildActionMask = 2147483647;
			files = (
				13B07FBF1A68108700A75B9A /* Images.xcassets in Resources */,
				1E815C77246E67CF00058207 /* ariali.ttf in Resources */,
				13B07FBD1A68108700A75B9A /* LaunchScreen.xib in Resources */,
				1E815C83246E67CF00058207 /* arialbi.ttf in Resources */,
				0660A79EF0224D1D94120DE2 /* Montserrat-Black.ttf in Resources */,
				BAB5F9699D88466599AE3840 /* Montserrat-BlackItalic.ttf in Resources */,
				5FFE80C2D9754AA99E673F96 /* Montserrat-Bold.ttf in Resources */,
				366CEAE060DF44EB869FF259 /* Montserrat-BoldItalic.ttf in Resources */,
				3D88A839527B42AD84D1696E /* Montserrat-ExtraBold.ttf in Resources */,
				0163238BF7484F5BBEE1ADA0 /* Montserrat-ExtraBoldItalic.ttf in Resources */,
				3773328AC93348408648401D /* Montserrat-ExtraLight.ttf in Resources */,
				D911F08B2987469CB626BB78 /* Montserrat-ExtraLightItalic.ttf in Resources */,
				1E815C7F246E67CF00058207 /* ARIALN.TTF in Resources */,
				6B2321768A0F48B8B1DA65DD /* Montserrat-Italic.ttf in Resources */,
				1E815C7B246E67CF00058207 /* Arial Black Italic.TTF in Resources */,
				1E3FBF8A2477C8AB00C36348 /* ZektonExHv Regular.ttf in Resources */,
				1E815C73246E67CF00058207 /* ariblk.ttf in Resources */,
				1E815C87246E67CF00058207 /* ARIALNBI.TTF in Resources */,
				D43D422071A145CCA8E48C1E /* Montserrat-Light.ttf in Resources */,
				CD9D419BAC84492F997EB3FB /* Montserrat-LightItalic.ttf in Resources */,
				9A59535447C34805A333D898 /* Montserrat-Medium.ttf in Resources */,
				1E815C8B246E67CF00058207 /* arialbd.ttf in Resources */,
				1E815C67246E67CF00058207 /* ARIALNI.TTF in Resources */,
				038506448CEB4D02B832BAB0 /* Montserrat-MediumItalic.ttf in Resources */,
				B36AADAA578A40A187E22AD8 /* Montserrat-Regular.ttf in Resources */,
				1E815C6F246E67CF00058207 /* ARIALNB.TTF in Resources */,
				03E818E8B0B04342B175CBFF /* Montserrat-SemiBold.ttf in Resources */,
				FE12E71284624F60B07635F7 /* Montserrat-SemiBoldItalic.ttf in Resources */,
				7941941B03BD4BE597405456 /* Montserrat-Thin.ttf in Resources */,
				1E815C6B246E67CF00058207 /* arial.ttf in Resources */,
				C6A96B4F48184788AC6E5984 /* Montserrat-ThinItalic.ttf in Resources */,
			);
			runOnlyForDeploymentPostprocessing = 0;
		};
		2D02E4791E0B4A5D006451C7 /* Resources */ = {
			isa = PBXResourcesBuildPhase;
			buildActionMask = 2147483647;
			files = (
				1E815C71246E67CF00058207 /* ARIALNB.TTF in Resources */,
				1E815C75246E67CF00058207 /* ariblk.ttf in Resources */,
				1E3FBF8C2477C8AB00C36348 /* ZektonExHv Regular.ttf in Resources */,
				2D02E4BD1E0B4A84006451C7 /* Images.xcassets in Resources */,
				1E815C6D246E67CF00058207 /* arial.ttf in Resources */,
				1E815C7D246E67CF00058207 /* Arial Black Italic.TTF in Resources */,
				1E815C8D246E67CF00058207 /* arialbd.ttf in Resources */,
				1E815C85246E67CF00058207 /* arialbi.ttf in Resources */,
				1E815C81246E67CF00058207 /* ARIALN.TTF in Resources */,
				1E815C79246E67CF00058207 /* ariali.ttf in Resources */,
				1E815C89246E67CF00058207 /* ARIALNBI.TTF in Resources */,
				1E815C69246E67CF00058207 /* ARIALNI.TTF in Resources */,
			);
			runOnlyForDeploymentPostprocessing = 0;
		};
		2D02E48E1E0B4A5D006451C7 /* Resources */ = {
			isa = PBXResourcesBuildPhase;
			buildActionMask = 2147483647;
			files = (
				1E815C8E246E67CF00058207 /* arialbd.ttf in Resources */,
				1E815C6E246E67CF00058207 /* arial.ttf in Resources */,
				1E815C7A246E67CF00058207 /* ariali.ttf in Resources */,
				1E815C7E246E67CF00058207 /* Arial Black Italic.TTF in Resources */,
				1E815C86246E67CF00058207 /* arialbi.ttf in Resources */,
				1E815C6A246E67CF00058207 /* ARIALNI.TTF in Resources */,
				1E815C82246E67CF00058207 /* ARIALN.TTF in Resources */,
				1E815C72246E67CF00058207 /* ARIALNB.TTF in Resources */,
				1E815C8A246E67CF00058207 /* ARIALNBI.TTF in Resources */,
				1E815C76246E67CF00058207 /* ariblk.ttf in Resources */,
				1E3FBF8D2477C8AB00C36348 /* ZektonExHv Regular.ttf in Resources */,
			);
			runOnlyForDeploymentPostprocessing = 0;
		};
/* End PBXResourcesBuildPhase section */

/* Begin PBXShellScriptBuildPhase section */
		00DD1BFF1BD5951E006B06BC /* Bundle React Native code and images */ = {
			isa = PBXShellScriptBuildPhase;
			buildActionMask = 2147483647;
			files = (
			);
			inputPaths = (
			);
			name = "Bundle React Native code and images";
			outputPaths = (
			);
			runOnlyForDeploymentPostprocessing = 0;
			shellPath = /bin/sh;
			shellScript = "export NODE_BINARY=node\n../node_modules/react-native/scripts/react-native-xcode.sh";
		};
		0A2509FF02E1001F441AD491 /* [CP] Check Pods Manifest.lock */ = {
			isa = PBXShellScriptBuildPhase;
			buildActionMask = 2147483647;
			files = (
			);
			inputFileListPaths = (
			);
			inputPaths = (
				"${PODS_PODFILE_DIR_PATH}/Podfile.lock",
				"${PODS_ROOT}/Manifest.lock",
			);
			name = "[CP] Check Pods Manifest.lock";
			outputFileListPaths = (
			);
			outputPaths = (
				"$(DERIVED_FILE_DIR)/Pods-Moveit-tvOS-checkManifestLockResult.txt",
			);
			runOnlyForDeploymentPostprocessing = 0;
			shellPath = /bin/sh;
			shellScript = "diff \"${PODS_PODFILE_DIR_PATH}/Podfile.lock\" \"${PODS_ROOT}/Manifest.lock\" > /dev/null\nif [ $? != 0 ] ; then\n    # print error to STDERR\n    echo \"error: The sandbox is not in sync with the Podfile.lock. Run 'pod install' or update your CocoaPods installation.\" >&2\n    exit 1\nfi\n# This output is used by Xcode 'outputs' to avoid re-running this script phase.\necho \"SUCCESS\" > \"${SCRIPT_OUTPUT_FILE_0}\"\n";
			showEnvVarsInLog = 0;
		};
		2D02E4CB1E0B4B27006451C7 /* Bundle React Native Code And Images */ = {
			isa = PBXShellScriptBuildPhase;
			buildActionMask = 2147483647;
			files = (
			);
			inputPaths = (
			);
			name = "Bundle React Native Code And Images";
			outputPaths = (
			);
			runOnlyForDeploymentPostprocessing = 0;
			shellPath = /bin/sh;
			shellScript = "export NODE_BINARY=node\n../node_modules/react-native/scripts/react-native-xcode.sh";
		};
		35526F49E03994B8945C5BA9 /* [CP] Copy Pods Resources */ = {
			isa = PBXShellScriptBuildPhase;
			buildActionMask = 2147483647;
			files = (
			);
			inputPaths = (
				"${PODS_ROOT}/Target Support Files/Pods-Moveit/Pods-Moveit-resources.sh",
				"${PODS_ROOT}/GoogleMaps/Maps/Frameworks/GoogleMaps.framework/Resources/GoogleMaps.bundle",
				"${PODS_ROOT}/IQKeyboardManager/IQKeyboardManager/Resources/IQKeyboardManager.bundle",
				"${PODS_ROOT}/../../node_modules/react-native-vector-icons/Fonts/AntDesign.ttf",
				"${PODS_ROOT}/../../node_modules/react-native-vector-icons/Fonts/Entypo.ttf",
				"${PODS_ROOT}/../../node_modules/react-native-vector-icons/Fonts/EvilIcons.ttf",
				"${PODS_ROOT}/../../node_modules/react-native-vector-icons/Fonts/Feather.ttf",
				"${PODS_ROOT}/../../node_modules/react-native-vector-icons/Fonts/FontAwesome.ttf",
				"${PODS_ROOT}/../../node_modules/react-native-vector-icons/Fonts/FontAwesome5_Brands.ttf",
				"${PODS_ROOT}/../../node_modules/react-native-vector-icons/Fonts/FontAwesome5_Regular.ttf",
				"${PODS_ROOT}/../../node_modules/react-native-vector-icons/Fonts/FontAwesome5_Solid.ttf",
				"${PODS_ROOT}/../../node_modules/react-native-vector-icons/Fonts/Fontisto.ttf",
				"${PODS_ROOT}/../../node_modules/react-native-vector-icons/Fonts/Foundation.ttf",
				"${PODS_ROOT}/../../node_modules/react-native-vector-icons/Fonts/Ionicons.ttf",
				"${PODS_ROOT}/../../node_modules/react-native-vector-icons/Fonts/MaterialCommunityIcons.ttf",
				"${PODS_ROOT}/../../node_modules/react-native-vector-icons/Fonts/MaterialIcons.ttf",
				"${PODS_ROOT}/../../node_modules/react-native-vector-icons/Fonts/Octicons.ttf",
				"${PODS_ROOT}/../../node_modules/react-native-vector-icons/Fonts/SimpleLineIcons.ttf",
				"${PODS_ROOT}/../../node_modules/react-native-vector-icons/Fonts/Zocial.ttf",
			);
			name = "[CP] Copy Pods Resources";
			outputPaths = (
				"${TARGET_BUILD_DIR}/${UNLOCALIZED_RESOURCES_FOLDER_PATH}/GoogleMaps.bundle",
				"${TARGET_BUILD_DIR}/${UNLOCALIZED_RESOURCES_FOLDER_PATH}/IQKeyboardManager.bundle",
				"${TARGET_BUILD_DIR}/${UNLOCALIZED_RESOURCES_FOLDER_PATH}/AntDesign.ttf",
				"${TARGET_BUILD_DIR}/${UNLOCALIZED_RESOURCES_FOLDER_PATH}/Entypo.ttf",
				"${TARGET_BUILD_DIR}/${UNLOCALIZED_RESOURCES_FOLDER_PATH}/EvilIcons.ttf",
				"${TARGET_BUILD_DIR}/${UNLOCALIZED_RESOURCES_FOLDER_PATH}/Feather.ttf",
				"${TARGET_BUILD_DIR}/${UNLOCALIZED_RESOURCES_FOLDER_PATH}/FontAwesome.ttf",
				"${TARGET_BUILD_DIR}/${UNLOCALIZED_RESOURCES_FOLDER_PATH}/FontAwesome5_Brands.ttf",
				"${TARGET_BUILD_DIR}/${UNLOCALIZED_RESOURCES_FOLDER_PATH}/FontAwesome5_Regular.ttf",
				"${TARGET_BUILD_DIR}/${UNLOCALIZED_RESOURCES_FOLDER_PATH}/FontAwesome5_Solid.ttf",
				"${TARGET_BUILD_DIR}/${UNLOCALIZED_RESOURCES_FOLDER_PATH}/Fontisto.ttf",
				"${TARGET_BUILD_DIR}/${UNLOCALIZED_RESOURCES_FOLDER_PATH}/Foundation.ttf",
				"${TARGET_BUILD_DIR}/${UNLOCALIZED_RESOURCES_FOLDER_PATH}/Ionicons.ttf",
				"${TARGET_BUILD_DIR}/${UNLOCALIZED_RESOURCES_FOLDER_PATH}/MaterialCommunityIcons.ttf",
				"${TARGET_BUILD_DIR}/${UNLOCALIZED_RESOURCES_FOLDER_PATH}/MaterialIcons.ttf",
				"${TARGET_BUILD_DIR}/${UNLOCALIZED_RESOURCES_FOLDER_PATH}/Octicons.ttf",
				"${TARGET_BUILD_DIR}/${UNLOCALIZED_RESOURCES_FOLDER_PATH}/SimpleLineIcons.ttf",
				"${TARGET_BUILD_DIR}/${UNLOCALIZED_RESOURCES_FOLDER_PATH}/Zocial.ttf",
			);
			runOnlyForDeploymentPostprocessing = 0;
			shellPath = /bin/sh;
			shellScript = "\"${PODS_ROOT}/Target Support Files/Pods-Moveit/Pods-Moveit-resources.sh\"\n";
			showEnvVarsInLog = 0;
		};
		566596F162C9A4D65FEC5947 /* [CP] Check Pods Manifest.lock */ = {
			isa = PBXShellScriptBuildPhase;
			buildActionMask = 2147483647;
			files = (
			);
			inputFileListPaths = (
			);
			inputPaths = (
				"${PODS_PODFILE_DIR_PATH}/Podfile.lock",
				"${PODS_ROOT}/Manifest.lock",
			);
			name = "[CP] Check Pods Manifest.lock";
			outputFileListPaths = (
			);
			outputPaths = (
				"$(DERIVED_FILE_DIR)/Pods-MoveitTests-checkManifestLockResult.txt",
			);
			runOnlyForDeploymentPostprocessing = 0;
			shellPath = /bin/sh;
			shellScript = "diff \"${PODS_PODFILE_DIR_PATH}/Podfile.lock\" \"${PODS_ROOT}/Manifest.lock\" > /dev/null\nif [ $? != 0 ] ; then\n    # print error to STDERR\n    echo \"error: The sandbox is not in sync with the Podfile.lock. Run 'pod install' or update your CocoaPods installation.\" >&2\n    exit 1\nfi\n# This output is used by Xcode 'outputs' to avoid re-running this script phase.\necho \"SUCCESS\" > \"${SCRIPT_OUTPUT_FILE_0}\"\n";
			showEnvVarsInLog = 0;
		};
		C1F98C5AEB6A600F52CB2D61 /* [CP] Check Pods Manifest.lock */ = {
			isa = PBXShellScriptBuildPhase;
			buildActionMask = 2147483647;
			files = (
			);
			inputFileListPaths = (
			);
			inputPaths = (
				"${PODS_PODFILE_DIR_PATH}/Podfile.lock",
				"${PODS_ROOT}/Manifest.lock",
			);
			name = "[CP] Check Pods Manifest.lock";
			outputFileListPaths = (
			);
			outputPaths = (
				"$(DERIVED_FILE_DIR)/Pods-Moveit-tvOSTests-checkManifestLockResult.txt",
			);
			runOnlyForDeploymentPostprocessing = 0;
			shellPath = /bin/sh;
			shellScript = "diff \"${PODS_PODFILE_DIR_PATH}/Podfile.lock\" \"${PODS_ROOT}/Manifest.lock\" > /dev/null\nif [ $? != 0 ] ; then\n    # print error to STDERR\n    echo \"error: The sandbox is not in sync with the Podfile.lock. Run 'pod install' or update your CocoaPods installation.\" >&2\n    exit 1\nfi\n# This output is used by Xcode 'outputs' to avoid re-running this script phase.\necho \"SUCCESS\" > \"${SCRIPT_OUTPUT_FILE_0}\"\n";
			showEnvVarsInLog = 0;
		};
		CA195144637DF533F0A273B7 /* [CP] Check Pods Manifest.lock */ = {
			isa = PBXShellScriptBuildPhase;
			buildActionMask = 2147483647;
			files = (
			);
			inputFileListPaths = (
			);
			inputPaths = (
				"${PODS_PODFILE_DIR_PATH}/Podfile.lock",
				"${PODS_ROOT}/Manifest.lock",
			);
			name = "[CP] Check Pods Manifest.lock";
			outputFileListPaths = (
			);
			outputPaths = (
				"$(DERIVED_FILE_DIR)/Pods-Moveit-checkManifestLockResult.txt",
			);
			runOnlyForDeploymentPostprocessing = 0;
			shellPath = /bin/sh;
			shellScript = "diff \"${PODS_PODFILE_DIR_PATH}/Podfile.lock\" \"${PODS_ROOT}/Manifest.lock\" > /dev/null\nif [ $? != 0 ] ; then\n    # print error to STDERR\n    echo \"error: The sandbox is not in sync with the Podfile.lock. Run 'pod install' or update your CocoaPods installation.\" >&2\n    exit 1\nfi\n# This output is used by Xcode 'outputs' to avoid re-running this script phase.\necho \"SUCCESS\" > \"${SCRIPT_OUTPUT_FILE_0}\"\n";
			showEnvVarsInLog = 0;
		};
		FD10A7F022414F080027D42C /* Start Packager */ = {
			isa = PBXShellScriptBuildPhase;
			buildActionMask = 2147483647;
			files = (
			);
			inputFileListPaths = (
			);
			inputPaths = (
			);
			name = "Start Packager";
			outputFileListPaths = (
			);
			outputPaths = (
			);
			runOnlyForDeploymentPostprocessing = 0;
			shellPath = /bin/sh;
			shellScript = "export RCT_METRO_PORT=\"${RCT_METRO_PORT:=8081}\"\necho \"export RCT_METRO_PORT=${RCT_METRO_PORT}\" > \"${SRCROOT}/../node_modules/react-native/scripts/.packager.env\"\nif [ -z \"${RCT_NO_LAUNCH_PACKAGER+xxx}\" ] ; then\n  if nc -w 5 -z localhost ${RCT_METRO_PORT} ; then\n    if ! curl -s \"http://localhost:${RCT_METRO_PORT}/status\" | grep -q \"packager-status:running\" ; then\n      echo \"Port ${RCT_METRO_PORT} already in use, packager is either not running or not running correctly\"\n      exit 2\n    fi\n  else\n    open \"$SRCROOT/../node_modules/react-native/scripts/launchPackager.command\" || echo \"Can't start packager automatically\"\n  fi\nfi\n";
			showEnvVarsInLog = 0;
		};
		FD10A7F122414F3F0027D42C /* Start Packager */ = {
			isa = PBXShellScriptBuildPhase;
			buildActionMask = 2147483647;
			files = (
			);
			inputFileListPaths = (
			);
			inputPaths = (
			);
			name = "Start Packager";
			outputFileListPaths = (
			);
			outputPaths = (
			);
			runOnlyForDeploymentPostprocessing = 0;
			shellPath = /bin/sh;
			shellScript = "export RCT_METRO_PORT=\"${RCT_METRO_PORT:=8081}\"\necho \"export RCT_METRO_PORT=${RCT_METRO_PORT}\" > \"${SRCROOT}/../node_modules/react-native/scripts/.packager.env\"\nif [ -z \"${RCT_NO_LAUNCH_PACKAGER+xxx}\" ] ; then\n  if nc -w 5 -z localhost ${RCT_METRO_PORT} ; then\n    if ! curl -s \"http://localhost:${RCT_METRO_PORT}/status\" | grep -q \"packager-status:running\" ; then\n      echo \"Port ${RCT_METRO_PORT} already in use, packager is either not running or not running correctly\"\n      exit 2\n    fi\n  else\n    open \"$SRCROOT/../node_modules/react-native/scripts/launchPackager.command\" || echo \"Can't start packager automatically\"\n  fi\nfi\n";
			showEnvVarsInLog = 0;
		};
/* End PBXShellScriptBuildPhase section */

/* Begin PBXSourcesBuildPhase section */
		00E356EA1AD99517003FC87E /* Sources */ = {
			isa = PBXSourcesBuildPhase;
			buildActionMask = 2147483647;
			files = (
				00E356F31AD99517003FC87E /* MoveitTests.m in Sources */,
			);
			runOnlyForDeploymentPostprocessing = 0;
		};
		13B07F871A680F5B00A75B9A /* Sources */ = {
			isa = PBXSourcesBuildPhase;
			buildActionMask = 2147483647;
			files = (
				13B07FBC1A68108700A75B9A /* AppDelegate.m in Sources */,
				13B07FC11A68108700A75B9A /* main.m in Sources */,
				1E2D28B3247F7B760067F156 /* Moveit.swift in Sources */,
			);
			runOnlyForDeploymentPostprocessing = 0;
		};
		2D02E4771E0B4A5D006451C7 /* Sources */ = {
			isa = PBXSourcesBuildPhase;
			buildActionMask = 2147483647;
			files = (
				2D02E4BF1E0B4AB3006451C7 /* main.m in Sources */,
				2D02E4BC1E0B4A80006451C7 /* AppDelegate.m in Sources */,
				1E2D28B5247F7B760067F156 /* Moveit.swift in Sources */,
			);
			runOnlyForDeploymentPostprocessing = 0;
		};
		2D02E48C1E0B4A5D006451C7 /* Sources */ = {
			isa = PBXSourcesBuildPhase;
			buildActionMask = 2147483647;
			files = (
				2DCD954D1E0B4F2C00145EB5 /* MoveitTests.m in Sources */,
			);
			runOnlyForDeploymentPostprocessing = 0;
		};
/* End PBXSourcesBuildPhase section */

/* Begin PBXTargetDependency section */
		00E356F51AD99517003FC87E /* PBXTargetDependency */ = {
			isa = PBXTargetDependency;
			target = 13B07F861A680F5B00A75B9A /* Moveit */;
			targetProxy = 00E356F41AD99517003FC87E /* PBXContainerItemProxy */;
		};
		2D02E4921E0B4A5D006451C7 /* PBXTargetDependency */ = {
			isa = PBXTargetDependency;
			target = 2D02E47A1E0B4A5D006451C7 /* Moveit-tvOS */;
			targetProxy = 2D02E4911E0B4A5D006451C7 /* PBXContainerItemProxy */;
		};
/* End PBXTargetDependency section */

/* Begin PBXVariantGroup section */
		13B07FB11A68108700A75B9A /* LaunchScreen.xib */ = {
			isa = PBXVariantGroup;
			children = (
				13B07FB21A68108700A75B9A /* Base */,
			);
			name = LaunchScreen.xib;
			path = Moveit;
			sourceTree = "<group>";
		};
/* End PBXVariantGroup section */

/* Begin XCBuildConfiguration section */
		00E356F61AD99517003FC87E /* Debug */ = {
			isa = XCBuildConfiguration;
			baseConfigurationReference = A32CD6E2584801BFBCBB35A6 /* Pods-MoveitTests.debug.xcconfig */;
			buildSettings = {
				ALWAYS_EMBED_SWIFT_STANDARD_LIBRARIES = YES;
				BUNDLE_LOADER = "$(TEST_HOST)";
				CLANG_ENABLE_MODULES = YES;
				GCC_PREPROCESSOR_DEFINITIONS = (
					"DEBUG=1",
					"$(inherited)",
				);
				HEADER_SEARCH_PATHS = (
					"$(inherited)",
					"$(SRCROOT)/../node_modules/@nozbe/watermelondb/native/ios/WatermelonDB/**",
				);
				INFOPLIST_FILE = MoveitTests/Info.plist;
				IPHONEOS_DEPLOYMENT_TARGET = 9.0;
				LD_RUNPATH_SEARCH_PATHS = "$(inherited) @executable_path/Frameworks @loader_path/Frameworks";
				LIBRARY_SEARCH_PATHS = (
					"$(inherited)",
					"\"$(SRCROOT)/$(TARGET_NAME)\"",
				);
				OTHER_LDFLAGS = (
					"-ObjC",
					"-lc++",
					"$(inherited)",
				);
				PRODUCT_BUNDLE_IDENTIFIER = "org.reactjs.native.example.$(PRODUCT_NAME:rfc1034identifier)";
				PRODUCT_NAME = "$(TARGET_NAME)";
				SWIFT_OBJC_BRIDGING_HEADER = "MoveitTests-Bridging-Header.h";
				SWIFT_OPTIMIZATION_LEVEL = "-Onone";
				SWIFT_VERSION = 5.0;
				TEST_HOST = "$(BUILT_PRODUCTS_DIR)/Moveit.app/Moveit";
			};
			name = Debug;
		};
		00E356F71AD99517003FC87E /* Release */ = {
			isa = XCBuildConfiguration;
			baseConfigurationReference = 02CF0A66087348A154006014 /* Pods-MoveitTests.release.xcconfig */;
			buildSettings = {
				ALWAYS_EMBED_SWIFT_STANDARD_LIBRARIES = YES;
				BUNDLE_LOADER = "$(TEST_HOST)";
				CLANG_ENABLE_MODULES = YES;
				COPY_PHASE_STRIP = NO;
				HEADER_SEARCH_PATHS = (
					"$(inherited)",
					"$(SRCROOT)/../node_modules/@nozbe/watermelondb/native/ios/WatermelonDB/**",
				);
				INFOPLIST_FILE = MoveitTests/Info.plist;
				IPHONEOS_DEPLOYMENT_TARGET = 9.0;
				LD_RUNPATH_SEARCH_PATHS = "$(inherited) @executable_path/Frameworks @loader_path/Frameworks";
				LIBRARY_SEARCH_PATHS = (
					"$(inherited)",
					"\"$(SRCROOT)/$(TARGET_NAME)\"",
				);
				OTHER_LDFLAGS = (
					"-ObjC",
					"-lc++",
					"$(inherited)",
				);
				PRODUCT_BUNDLE_IDENTIFIER = "org.reactjs.native.example.$(PRODUCT_NAME:rfc1034identifier)";
				PRODUCT_NAME = "$(TARGET_NAME)";
				SWIFT_OBJC_BRIDGING_HEADER = "MoveitTests-Bridging-Header.h";
				SWIFT_VERSION = 5.0;
				TEST_HOST = "$(BUILT_PRODUCTS_DIR)/Moveit.app/Moveit";
			};
			name = Release;
		};
		13B07F941A680F5B00A75B9A /* Debug */ = {
			isa = XCBuildConfiguration;
			baseConfigurationReference = D5C6A08B32747535387C5385 /* Pods-Moveit.debug.xcconfig */;
			buildSettings = {
				ASSETCATALOG_COMPILER_APPICON_NAME = AppIcon;
				CLANG_ENABLE_MODULES = YES;
				CODE_SIGN_IDENTITY = "iPhone Developer";
				CODE_SIGN_STYLE = Manual;
				CURRENT_PROJECT_VERSION = 2;
				DEAD_CODE_STRIPPING = NO;
				DEVELOPMENT_TEAM = TLR3WLLVQX;
				HEADER_SEARCH_PATHS = (
					"$(inherited)",
					"$(SRCROOT)/../node_modules/@nozbe/watermelondb/native/ios/WatermelonDB/**",
				);
				INFOPLIST_FILE = Moveit/Info.plist;
				IPHONEOS_DEPLOYMENT_TARGET = 10.0;
				LD_RUNPATH_SEARCH_PATHS = "$(inherited) @executable_path/Frameworks";
				OTHER_LDFLAGS = (
					"$(inherited)",
					"-ObjC",
					"-lc++",
				);
				PRODUCT_BUNDLE_IDENTIFIER = com.tatva.moveit;
				PRODUCT_NAME = Moveit;
				PROVISIONING_PROFILE_SPECIFIER = "Moveit-Dev";
				SWIFT_OBJC_BRIDGING_HEADER = "Moveit-Bridging-Header.h";
				SWIFT_OPTIMIZATION_LEVEL = "-Onone";
				SWIFT_VERSION = 5.0;
				VERSIONING_SYSTEM = "apple-generic";
			};
			name = Debug;
		};
		13B07F951A680F5B00A75B9A /* Release */ = {
			isa = XCBuildConfiguration;
			baseConfigurationReference = 1767919B5CD4347BD3297B3E /* Pods-Moveit.release.xcconfig */;
			buildSettings = {
				ASSETCATALOG_COMPILER_APPICON_NAME = AppIcon;
				CLANG_ENABLE_MODULES = YES;
				CODE_SIGN_IDENTITY = "iPhone Developer";
				CODE_SIGN_STYLE = Manual;
				CURRENT_PROJECT_VERSION = 2;
				DEVELOPMENT_TEAM = TLR3WLLVQX;
				HEADER_SEARCH_PATHS = (
					"$(inherited)",
					"$(SRCROOT)/../node_modules/@nozbe/watermelondb/native/ios/WatermelonDB/**",
				);
				INFOPLIST_FILE = Moveit/Info.plist;
				IPHONEOS_DEPLOYMENT_TARGET = 10.0;
				LD_RUNPATH_SEARCH_PATHS = "$(inherited) @executable_path/Frameworks";
				OTHER_LDFLAGS = (
					"$(inherited)",
					"-ObjC",
					"-lc++",
				);
				PRODUCT_BUNDLE_IDENTIFIER = com.tatva.moveit;
				PRODUCT_NAME = Moveit;
				PROVISIONING_PROFILE_SPECIFIER = "Moveit-Dev";
				SWIFT_OBJC_BRIDGING_HEADER = "Moveit-Bridging-Header.h";
				SWIFT_VERSION = 5.0;
				VERSIONING_SYSTEM = "apple-generic";
			};
			name = Release;
		};
		2D02E4971E0B4A5E006451C7 /* Debug */ = {
			isa = XCBuildConfiguration;
			baseConfigurationReference = 37FA0A828A672373C858E02A /* Pods-Moveit-tvOS.debug.xcconfig */;
			buildSettings = {
				ASSETCATALOG_COMPILER_APPICON_NAME = "App Icon & Top Shelf Image";
				ASSETCATALOG_COMPILER_LAUNCHIMAGE_NAME = LaunchImage;
				CLANG_ANALYZER_NONNULL = YES;
				CLANG_ENABLE_MODULES = YES;
				CLANG_WARN_DOCUMENTATION_COMMENTS = YES;
				CLANG_WARN_INFINITE_RECURSION = YES;
				CLANG_WARN_SUSPICIOUS_MOVE = YES;
				DEBUG_INFORMATION_FORMAT = dwarf;
				ENABLE_TESTABILITY = YES;
				GCC_NO_COMMON_BLOCKS = YES;
				HEADER_SEARCH_PATHS = (
					"$(inherited)",
					"$(SRCROOT)/../node_modules/@nozbe/watermelondb/native/ios/WatermelonDB/**",
				);
				INFOPLIST_FILE = "Moveit-tvOS/Info.plist";
				LD_RUNPATH_SEARCH_PATHS = "$(inherited) @executable_path/Frameworks";
				LIBRARY_SEARCH_PATHS = (
					"$(inherited)",
					"\"$(SRCROOT)/$(TARGET_NAME)\"",
				);
				OTHER_LDFLAGS = (
					"$(inherited)",
					"-ObjC",
					"-lc++",
				);
				PRODUCT_BUNDLE_IDENTIFIER = "com.facebook.REACT.Moveit-tvOS";
				PRODUCT_NAME = "$(TARGET_NAME)";
				SDKROOT = appletvos;
				SWIFT_OBJC_BRIDGING_HEADER = "Moveit-tvOS-Bridging-Header.h";
				SWIFT_OPTIMIZATION_LEVEL = "-Onone";
				SWIFT_VERSION = 5.0;
				TARGETED_DEVICE_FAMILY = 3;
				TVOS_DEPLOYMENT_TARGET = 9.2;
			};
			name = Debug;
		};
		2D02E4981E0B4A5E006451C7 /* Release */ = {
			isa = XCBuildConfiguration;
			baseConfigurationReference = 3A5AD62557C822E5F6DFF599 /* Pods-Moveit-tvOS.release.xcconfig */;
			buildSettings = {
				ASSETCATALOG_COMPILER_APPICON_NAME = "App Icon & Top Shelf Image";
				ASSETCATALOG_COMPILER_LAUNCHIMAGE_NAME = LaunchImage;
				CLANG_ANALYZER_NONNULL = YES;
				CLANG_ENABLE_MODULES = YES;
				CLANG_WARN_DOCUMENTATION_COMMENTS = YES;
				CLANG_WARN_INFINITE_RECURSION = YES;
				CLANG_WARN_SUSPICIOUS_MOVE = YES;
				COPY_PHASE_STRIP = NO;
				DEBUG_INFORMATION_FORMAT = "dwarf-with-dsym";
				GCC_NO_COMMON_BLOCKS = YES;
				HEADER_SEARCH_PATHS = (
					"$(inherited)",
					"$(SRCROOT)/../node_modules/@nozbe/watermelondb/native/ios/WatermelonDB/**",
				);
				INFOPLIST_FILE = "Moveit-tvOS/Info.plist";
				LD_RUNPATH_SEARCH_PATHS = "$(inherited) @executable_path/Frameworks";
				LIBRARY_SEARCH_PATHS = (
					"$(inherited)",
					"\"$(SRCROOT)/$(TARGET_NAME)\"",
				);
				OTHER_LDFLAGS = (
					"$(inherited)",
					"-ObjC",
					"-lc++",
				);
				PRODUCT_BUNDLE_IDENTIFIER = "com.facebook.REACT.Moveit-tvOS";
				PRODUCT_NAME = "$(TARGET_NAME)";
				SDKROOT = appletvos;
				SWIFT_OBJC_BRIDGING_HEADER = "Moveit-tvOS-Bridging-Header.h";
				SWIFT_VERSION = 5.0;
				TARGETED_DEVICE_FAMILY = 3;
				TVOS_DEPLOYMENT_TARGET = 9.2;
			};
			name = Release;
		};
		2D02E4991E0B4A5E006451C7 /* Debug */ = {
			isa = XCBuildConfiguration;
			baseConfigurationReference = 7269E464D275EE5094F8DF0C /* Pods-Moveit-tvOSTests.debug.xcconfig */;
			buildSettings = {
				ALWAYS_EMBED_SWIFT_STANDARD_LIBRARIES = YES;
				BUNDLE_LOADER = "$(TEST_HOST)";
				CLANG_ANALYZER_NONNULL = YES;
				CLANG_ENABLE_MODULES = YES;
				CLANG_WARN_DOCUMENTATION_COMMENTS = YES;
				CLANG_WARN_INFINITE_RECURSION = YES;
				CLANG_WARN_SUSPICIOUS_MOVE = YES;
				DEBUG_INFORMATION_FORMAT = dwarf;
				ENABLE_TESTABILITY = YES;
				GCC_NO_COMMON_BLOCKS = YES;
				HEADER_SEARCH_PATHS = (
					"$(inherited)",
					"$(SRCROOT)/../node_modules/@nozbe/watermelondb/native/ios/WatermelonDB/**",
				);
				INFOPLIST_FILE = "Moveit-tvOSTests/Info.plist";
				LD_RUNPATH_SEARCH_PATHS = "$(inherited) @executable_path/Frameworks @loader_path/Frameworks";
				LIBRARY_SEARCH_PATHS = (
					"$(inherited)",
					"\"$(SRCROOT)/$(TARGET_NAME)\"",
				);
				OTHER_LDFLAGS = (
					"$(inherited)",
					"-ObjC",
					"-lc++",
				);
				PRODUCT_BUNDLE_IDENTIFIER = "com.facebook.REACT.Moveit-tvOSTests";
				PRODUCT_NAME = "$(TARGET_NAME)";
				SDKROOT = appletvos;
				SWIFT_OBJC_BRIDGING_HEADER = "Moveit-tvOSTests-Bridging-Header.h";
				SWIFT_OPTIMIZATION_LEVEL = "-Onone";
				SWIFT_VERSION = 5.0;
				TEST_HOST = "$(BUILT_PRODUCTS_DIR)/Moveit-tvOS.app/Moveit-tvOS";
				TVOS_DEPLOYMENT_TARGET = 10.1;
			};
			name = Debug;
		};
		2D02E49A1E0B4A5E006451C7 /* Release */ = {
			isa = XCBuildConfiguration;
			baseConfigurationReference = 44598B32B27206926409AB4D /* Pods-Moveit-tvOSTests.release.xcconfig */;
			buildSettings = {
				ALWAYS_EMBED_SWIFT_STANDARD_LIBRARIES = YES;
				BUNDLE_LOADER = "$(TEST_HOST)";
				CLANG_ANALYZER_NONNULL = YES;
				CLANG_ENABLE_MODULES = YES;
				CLANG_WARN_DOCUMENTATION_COMMENTS = YES;
				CLANG_WARN_INFINITE_RECURSION = YES;
				CLANG_WARN_SUSPICIOUS_MOVE = YES;
				COPY_PHASE_STRIP = NO;
				DEBUG_INFORMATION_FORMAT = "dwarf-with-dsym";
				GCC_NO_COMMON_BLOCKS = YES;
				HEADER_SEARCH_PATHS = (
					"$(inherited)",
					"$(SRCROOT)/../node_modules/@nozbe/watermelondb/native/ios/WatermelonDB/**",
				);
				INFOPLIST_FILE = "Moveit-tvOSTests/Info.plist";
				LD_RUNPATH_SEARCH_PATHS = "$(inherited) @executable_path/Frameworks @loader_path/Frameworks";
				LIBRARY_SEARCH_PATHS = (
					"$(inherited)",
					"\"$(SRCROOT)/$(TARGET_NAME)\"",
				);
				OTHER_LDFLAGS = (
					"$(inherited)",
					"-ObjC",
					"-lc++",
				);
				PRODUCT_BUNDLE_IDENTIFIER = "com.facebook.REACT.Moveit-tvOSTests";
				PRODUCT_NAME = "$(TARGET_NAME)";
				SDKROOT = appletvos;
				SWIFT_OBJC_BRIDGING_HEADER = "Moveit-tvOSTests-Bridging-Header.h";
				SWIFT_VERSION = 5.0;
				TEST_HOST = "$(BUILT_PRODUCTS_DIR)/Moveit-tvOS.app/Moveit-tvOS";
				TVOS_DEPLOYMENT_TARGET = 10.1;
			};
			name = Release;
		};
		83CBBA201A601CBA00E9B192 /* Debug */ = {
			isa = XCBuildConfiguration;
			buildSettings = {
				ALWAYS_SEARCH_USER_PATHS = NO;
				CLANG_CXX_LANGUAGE_STANDARD = "gnu++0x";
				CLANG_CXX_LIBRARY = "libc++";
				CLANG_ENABLE_MODULES = YES;
				CLANG_ENABLE_OBJC_ARC = YES;
				CLANG_WARN_BLOCK_CAPTURE_AUTORELEASING = YES;
				CLANG_WARN_BOOL_CONVERSION = YES;
				CLANG_WARN_COMMA = YES;
				CLANG_WARN_CONSTANT_CONVERSION = YES;
				CLANG_WARN_DEPRECATED_OBJC_IMPLEMENTATIONS = YES;
				CLANG_WARN_DIRECT_OBJC_ISA_USAGE = YES_ERROR;
				CLANG_WARN_EMPTY_BODY = YES;
				CLANG_WARN_ENUM_CONVERSION = YES;
				CLANG_WARN_INFINITE_RECURSION = YES;
				CLANG_WARN_INT_CONVERSION = YES;
				CLANG_WARN_NON_LITERAL_NULL_CONVERSION = YES;
				CLANG_WARN_OBJC_IMPLICIT_RETAIN_SELF = YES;
				CLANG_WARN_OBJC_LITERAL_CONVERSION = YES;
				CLANG_WARN_OBJC_ROOT_CLASS = YES_ERROR;
				CLANG_WARN_RANGE_LOOP_ANALYSIS = YES;
				CLANG_WARN_STRICT_PROTOTYPES = YES;
				CLANG_WARN_SUSPICIOUS_MOVE = YES;
				CLANG_WARN_UNREACHABLE_CODE = YES;
				CLANG_WARN__DUPLICATE_METHOD_MATCH = YES;
				"CODE_SIGN_IDENTITY[sdk=iphoneos*]" = "iPhone Developer";
				COPY_PHASE_STRIP = NO;
				ENABLE_STRICT_OBJC_MSGSEND = YES;
				ENABLE_TESTABILITY = YES;
				GCC_C_LANGUAGE_STANDARD = gnu99;
				GCC_DYNAMIC_NO_PIC = NO;
				GCC_NO_COMMON_BLOCKS = YES;
				GCC_OPTIMIZATION_LEVEL = 0;
				GCC_PREPROCESSOR_DEFINITIONS = (
					"DEBUG=1",
					"$(inherited)",
				);
				GCC_SYMBOLS_PRIVATE_EXTERN = NO;
				GCC_WARN_64_TO_32_BIT_CONVERSION = YES;
				GCC_WARN_ABOUT_RETURN_TYPE = YES_ERROR;
				GCC_WARN_UNDECLARED_SELECTOR = YES;
				GCC_WARN_UNINITIALIZED_AUTOS = YES_AGGRESSIVE;
				GCC_WARN_UNUSED_FUNCTION = YES;
				GCC_WARN_UNUSED_VARIABLE = YES;
				IPHONEOS_DEPLOYMENT_TARGET = 9.0;
				MTL_ENABLE_DEBUG_INFO = YES;
				ONLY_ACTIVE_ARCH = YES;
				SDKROOT = iphoneos;
			};
			name = Debug;
		};
		83CBBA211A601CBA00E9B192 /* Release */ = {
			isa = XCBuildConfiguration;
			buildSettings = {
				ALWAYS_SEARCH_USER_PATHS = NO;
				CLANG_CXX_LANGUAGE_STANDARD = "gnu++0x";
				CLANG_CXX_LIBRARY = "libc++";
				CLANG_ENABLE_MODULES = YES;
				CLANG_ENABLE_OBJC_ARC = YES;
				CLANG_WARN_BLOCK_CAPTURE_AUTORELEASING = YES;
				CLANG_WARN_BOOL_CONVERSION = YES;
				CLANG_WARN_COMMA = YES;
				CLANG_WARN_CONSTANT_CONVERSION = YES;
				CLANG_WARN_DEPRECATED_OBJC_IMPLEMENTATIONS = YES;
				CLANG_WARN_DIRECT_OBJC_ISA_USAGE = YES_ERROR;
				CLANG_WARN_EMPTY_BODY = YES;
				CLANG_WARN_ENUM_CONVERSION = YES;
				CLANG_WARN_INFINITE_RECURSION = YES;
				CLANG_WARN_INT_CONVERSION = YES;
				CLANG_WARN_NON_LITERAL_NULL_CONVERSION = YES;
				CLANG_WARN_OBJC_IMPLICIT_RETAIN_SELF = YES;
				CLANG_WARN_OBJC_LITERAL_CONVERSION = YES;
				CLANG_WARN_OBJC_ROOT_CLASS = YES_ERROR;
				CLANG_WARN_RANGE_LOOP_ANALYSIS = YES;
				CLANG_WARN_STRICT_PROTOTYPES = YES;
				CLANG_WARN_SUSPICIOUS_MOVE = YES;
				CLANG_WARN_UNREACHABLE_CODE = YES;
				CLANG_WARN__DUPLICATE_METHOD_MATCH = YES;
				"CODE_SIGN_IDENTITY[sdk=iphoneos*]" = "iPhone Developer";
				COPY_PHASE_STRIP = YES;
				ENABLE_NS_ASSERTIONS = NO;
				ENABLE_STRICT_OBJC_MSGSEND = YES;
				GCC_C_LANGUAGE_STANDARD = gnu99;
				GCC_NO_COMMON_BLOCKS = YES;
				GCC_WARN_64_TO_32_BIT_CONVERSION = YES;
				GCC_WARN_ABOUT_RETURN_TYPE = YES_ERROR;
				GCC_WARN_UNDECLARED_SELECTOR = YES;
				GCC_WARN_UNINITIALIZED_AUTOS = YES_AGGRESSIVE;
				GCC_WARN_UNUSED_FUNCTION = YES;
				GCC_WARN_UNUSED_VARIABLE = YES;
				IPHONEOS_DEPLOYMENT_TARGET = 9.0;
				MTL_ENABLE_DEBUG_INFO = NO;
				SDKROOT = iphoneos;
				VALIDATE_PRODUCT = YES;
			};
			name = Release;
		};
/* End XCBuildConfiguration section */

/* Begin XCConfigurationList section */
		00E357021AD99517003FC87E /* Build configuration list for PBXNativeTarget "MoveitTests" */ = {
			isa = XCConfigurationList;
			buildConfigurations = (
				00E356F61AD99517003FC87E /* Debug */,
				00E356F71AD99517003FC87E /* Release */,
			);
			defaultConfigurationIsVisible = 0;
			defaultConfigurationName = Release;
		};
		13B07F931A680F5B00A75B9A /* Build configuration list for PBXNativeTarget "Moveit" */ = {
			isa = XCConfigurationList;
			buildConfigurations = (
				13B07F941A680F5B00A75B9A /* Debug */,
				13B07F951A680F5B00A75B9A /* Release */,
			);
			defaultConfigurationIsVisible = 0;
			defaultConfigurationName = Release;
		};
		2D02E4BA1E0B4A5E006451C7 /* Build configuration list for PBXNativeTarget "Moveit-tvOS" */ = {
			isa = XCConfigurationList;
			buildConfigurations = (
				2D02E4971E0B4A5E006451C7 /* Debug */,
				2D02E4981E0B4A5E006451C7 /* Release */,
			);
			defaultConfigurationIsVisible = 0;
			defaultConfigurationName = Release;
		};
		2D02E4BB1E0B4A5E006451C7 /* Build configuration list for PBXNativeTarget "Moveit-tvOSTests" */ = {
			isa = XCConfigurationList;
			buildConfigurations = (
				2D02E4991E0B4A5E006451C7 /* Debug */,
				2D02E49A1E0B4A5E006451C7 /* Release */,
			);
			defaultConfigurationIsVisible = 0;
			defaultConfigurationName = Release;
		};
		83CBB9FA1A601CBA00E9B192 /* Build configuration list for PBXProject "Moveit" */ = {
			isa = XCConfigurationList;
			buildConfigurations = (
				83CBBA201A601CBA00E9B192 /* Debug */,
				83CBBA211A601CBA00E9B192 /* Release */,
			);
			defaultConfigurationIsVisible = 0;
			defaultConfigurationName = Release;
		};
/* End XCConfigurationList section */
	};
	rootObject = 83CBB9F71A601CBA00E9B192 /* Project object */;
}
